
Microsoft Visual Studio Solution File, Format Version 12.00
# Visual Studio Version 16
VisualStudioVersion = 16.0.809.0
MinimumVisualStudioVersion = 10.0.40219.1
Project("{FAE04EC0-301F-11D3-BF4B-00C04F79EFBC}") = "XFEBatterySample.Android", "XFEBatterySample.Android\XFEBatterySample.Android.csproj", "{505B6B9B-450F-4891-B46E-ED077C46B1B9}"
EndProject
Project("{FAE04EC0-301F-11D3-BF4B-00C04F79EFBC}") = "XFEBatterySample.iOS", "XFEBatterySample.iOS\XFEBatterySample.iOS.csproj", "{D9369567-EA9B-4122-91B1-EA71158FD7CC}"
EndProject
Project("{FAE04EC0-301F-11D3-BF4B-00C04F79EFBC}") = "XFEBatterySample", "XFEBatterySample\XFEBatterySample.csproj", "{9F974089-684E-44EF-82D5-73BE3FEEF787}"
EndProject
Global
	GlobalSection(SolutionConfigurationPlatforms) = preSolution
		Debug|Any CPU = Debug|Any CPU
		Release|Any CPU = Release|Any CPU
		Debug|iPhoneSimulator = Debug|iPhoneSimulator
		Release|iPhoneSimulator = Release|iPhoneSimulator
		Debug|iPhone = Debug|iPhone
		Release|iPhone = Release|iPhone
	EndGlobalSection
	GlobalSection(ProjectConfigurationPlatforms) = postSolution
		{505B6B9B-450F-4891-B46E-ED077C46B1B9}.Debug|Any CPU.ActiveCfg = Debug|Any CPU
		{505B6B9B-450F-4891-B46E-ED077C46B1B9}.Debug|Any CPU.Build.0 = Debug|Any CPU
		{505B6B9B-450F-4891-B46E-ED077C46B1B9}.Release|Any CPU.ActiveCfg = Release|Any CPU
		{505B6B9B-450F-4891-B46E-ED077C46B1B9}.Release|Any CPU.Build.0 = Release|Any CPU
		{505B6B9B-450F-4891-B46E-ED077C46B1B9}.Debug|iPhoneSimulator.ActiveCfg = Debug|Any CPU
		{505B6B9B-450F-4891-B46E-ED077C46B1B9}.Debug|iPhoneSimulator.Build.0 = Debug|Any CPU
		{505B6B9B-450F-4891-B46E-ED077C46B1B9}.Release|iPhoneSimulator.ActiveCfg = Release|Any CPU
		{505B6B9B-450F-4891-B46E-ED077C46B1B9}.Release|iPhoneSimulator.Build.0 = Release|Any CPU
		{505B6B9B-450F-4891-B46E-ED077C46B1B9}.Debug|iPhone.ActiveCfg = Debug|Any CPU
		{505B6B9B-450F-4891-B46E-ED077C46B1B9}.Debug|iPhone.Build.0 = Debug|Any CPU
		{505B6B9B-450F-4891-B46E-ED077C46B1B9}.Release|iPhone.ActiveCfg = Release|Any CPU
		{505B6B9B-450F-4891-B46E-ED077C46B1B9}.Release|iPhone.Build.0 = Release|Any CPU
		{D9369567-EA9B-4122-91B1-EA71158FD7CC}.Debug|Any CPU.ActiveCfg = Debug|iPhoneSimulator
		{D9369567-EA9B-4122-91B1-EA71158FD7CC}.Debug|Any CPU.Build.0 = Debug|iPhoneSimulator
		{D9369567-EA9B-4122-91B1-EA71158FD7CC}.Release|Any CPU.ActiveCfg = Release|iPhoneSimulator
		{D9369567-EA9B-4122-91B1-EA71158FD7CC}.Release|Any CPU.Build.0 = Release|iPhoneSimulator
		{D9369567-EA9B-4122-91B1-EA71158FD7CC}.Debug|iPhoneSimulator.ActiveCfg = Debug|iPhoneSimulator
		{D9369567-EA9B-4122-91B1-EA71158FD7CC}.Debug|iPhoneSimulator.Build.0 = Debug|iPhoneSimulator
		{D9369567-EA9B-4122-91B1-EA71158FD7CC}.Release|iPhoneSimulator.ActiveCfg = Release|iPhoneSimulator
		{D9369567-EA9B-4122-91B1-EA71158FD7CC}.Release|iPhoneSimulator.Build.0 = Release|iPhoneSimulator
		{D9369567-EA9B-4122-91B1-EA71158FD7CC}.Debug|iPhone.ActiveCfg = Debug|iPhone
		{D9369567-EA9B-4122-91B1-EA71158FD7CC}.Debug|iPhone.Build.0 = Debug|iPhone
		{D9369567-EA9B-4122-91B1-EA71158FD7CC}.Release|iPhone.ActiveCfg = Release|iPhone
		{D9369567-EA9B-4122-91B1-EA71158FD7CC}.Release|iPhone.Build.0 = Release|iPhone
		{9F974089-684E-44EF-82D5-73BE3FEEF787}.Debug|Any CPU.ActiveCfg = Debug|Any CPU
		{9F974089-684E-44EF-82D5-73BE3FEEF787}.Debug|Any CPU.Build.0 = Debug|Any CPU
		{9F974089-684E-44EF-82D5-73BE3FEEF787}.Release|Any CPU.ActiveCfg = Release|Any CPU
		{9F974089-684E-44EF-82D5-73BE3FEEF787}.Release|Any CPU.Build.0 = Release|Any CPU
		{9F974089-684E-44EF-82D5-73BE3FEEF787}.Debug|iPhoneSimulator.ActiveCfg = Debug|Any CPU
		{9F974089-684E-44EF-82D5-73BE3FEEF787}.Debug|iPhoneSimulator.Build.0 = Debug|Any CPU
		{9F974089-684E-44EF-82D5-73BE3FEEF787}.Release|iPhoneSimulator.ActiveCfg = Release|Any CPU
		{9F974089-684E-44EF-82D5-73BE3FEEF787}.Release|iPhoneSimulator.Build.0 = Release|Any CPU
		{9F974089-684E-44EF-82D5-73BE3FEEF787}.Debug|iPhone.ActiveCfg = Debug|Any CPU
		{9F974089-684E-44EF-82D5-73BE3FEEF787}.Debug|iPhone.Build.0 = Debug|Any CPU
		{9F974089-684E-44EF-82D5-73BE3FEEF787}.Release|iPhone.ActiveCfg = Release|Any CPU
		{9F974089-684E-44EF-82D5-73BE3FEEF787}.Release|iPhone.Build.0 = Release|Any CPU
	EndGlobalSection
	GlobalSection(SolutionProperties) = preSolution
		HideSolutionNode = FALSE
	EndGlobalSection
	GlobalSection(ExtensibilityGlobals) = postSolution
		SolutionGuid = {A7AAC75B-3882-4E56-975C-7CE3E3C910C0}
	EndGlobalSection
EndGlobal
